
Microsoft Visual Studio Solution File, Format Version 12.00
# Visual Studio 15
VisualStudioVersion = 15.0.28306.52
MinimumVisualStudioVersion = 10.0.40219.1
Project("{9A19103F-16F7-4668-BE54-9A1E7A4F7556}") = "LessplasticWebApp", "LessplasticWebApp\LessplasticWebApp.csproj", "{A85A367D-FDE3-4E08-B6BD-6661EDF2FC1C}"
EndProject
Project("{9A19103F-16F7-4668-BE54-9A1E7A4F7556}") = "Lessplastic.Data", "Lessplastic.Data\Lessplastic.Data.csproj", "{95CACF13-6D32-4B2D-9B58-3F71AC32FC5D}"
EndProject
Project("{9A19103F-16F7-4668-BE54-9A1E7A4F7556}") = "Lessplastic.Models", "Lessplastic.Models\Lessplastic.Models.csproj", "{F1B50271-64BE-48BC-B020-7A4B6CBBBECC}"
EndProject
Project("{9A19103F-16F7-4668-BE54-9A1E7A4F7556}") = "Lessplastic.Services", "Lessplastic.Services\Lessplastic.Services.csproj", "{7E95920A-7D39-4032-83AF-7187DA08B18C}"
EndProject
Global
	GlobalSection(SolutionConfigurationPlatforms) = preSolution
		Debug|Any CPU = Debug|Any CPU
		Release|Any CPU = Release|Any CPU
	EndGlobalSection
	GlobalSection(ProjectConfigurationPlatforms) = postSolution
		{A85A367D-FDE3-4E08-B6BD-6661EDF2FC1C}.Debug|Any CPU.ActiveCfg = Debug|Any CPU
		{A85A367D-FDE3-4E08-B6BD-6661EDF2FC1C}.Debug|Any CPU.Build.0 = Debug|Any CPU
		{A85A367D-FDE3-4E08-B6BD-6661EDF2FC1C}.Release|Any CPU.ActiveCfg = Release|Any CPU
		{A85A367D-FDE3-4E08-B6BD-6661EDF2FC1C}.Release|Any CPU.Build.0 = Release|Any CPU
		{95CACF13-6D32-4B2D-9B58-3F71AC32FC5D}.Debug|Any CPU.ActiveCfg = Debug|Any CPU
		{95CACF13-6D32-4B2D-9B58-3F71AC32FC5D}.Debug|Any CPU.Build.0 = Debug|Any CPU
		{95CACF13-6D32-4B2D-9B58-3F71AC32FC5D}.Release|Any CPU.ActiveCfg = Release|Any CPU
		{95CACF13-6D32-4B2D-9B58-3F71AC32FC5D}.Release|Any CPU.Build.0 = Release|Any CPU
		{F1B50271-64BE-48BC-B020-7A4B6CBBBECC}.Debug|Any CPU.ActiveCfg = Debug|Any CPU
		{F1B50271-64BE-48BC-B020-7A4B6CBBBECC}.Debug|Any CPU.Build.0 = Debug|Any CPU
		{F1B50271-64BE-48BC-B020-7A4B6CBBBECC}.Release|Any CPU.ActiveCfg = Release|Any CPU
		{F1B50271-64BE-48BC-B020-7A4B6CBBBECC}.Release|Any CPU.Build.0 = Release|Any CPU
		{7E95920A-7D39-4032-83AF-7187DA08B18C}.Debug|Any CPU.ActiveCfg = Debug|Any CPU
		{7E95920A-7D39-4032-83AF-7187DA08B18C}.Debug|Any CPU.Build.0 = Debug|Any CPU
		{7E95920A-7D39-4032-83AF-7187DA08B18C}.Release|Any CPU.ActiveCfg = Release|Any CPU
		{7E95920A-7D39-4032-83AF-7187DA08B18C}.Release|Any CPU.Build.0 = Release|Any CPU
	EndGlobalSection
	GlobalSection(SolutionProperties) = preSolution
		HideSolutionNode = FALSE
	EndGlobalSection
	GlobalSection(ExtensibilityGlobals) = postSolution
		SolutionGuid = {420B1750-7D5D-4344-9296-4DC9BD174245}
	EndGlobalSection
EndGlobal
